
Microsoft Visual Studio Solution File, Format Version 12.00
# Visual Studio Version 16
VisualStudioVersion = 16.0.31402.337
MinimumVisualStudioVersion = 10.0.40219.1
Project("{FAE04EC0-301F-11D3-BF4B-00C04F79EFBC}") = "Our_Tutorial", "Our_Tutorial\Our_Tutorial.csproj", "{2D55169A-579B-46BD-BB5E-C6039BBAC567}"
EndProject
Global
	GlobalSection(SolutionConfigurationPlatforms) = preSolution
		Debug|Any CPU = Debug|Any CPU
		Release|Any CPU = Release|Any CPU
	EndGlobalSection
	GlobalSection(ProjectConfigurationPlatforms) = postSolution
		{2D55169A-579B-46BD-BB5E-C6039BBAC567}.Debug|Any CPU.ActiveCfg = Debug|Any CPU
		{2D55169A-579B-46BD-BB5E-C6039BBAC567}.Debug|Any CPU.Build.0 = Debug|Any CPU
		{2D55169A-579B-46BD-BB5E-C6039BBAC567}.Release|Any CPU.ActiveCfg = Release|Any CPU
		{2D55169A-579B-46BD-BB5E-C6039BBAC567}.Release|Any CPU.Build.0 = Release|Any CPU
	EndGlobalSection
	GlobalSection(SolutionProperties) = preSolution
		HideSolutionNode = FALSE
	EndGlobalSection
	GlobalSection(ExtensibilityGlobals) = postSolution
		SolutionGuid = {365312F5-B7BB-412D-B48E-6C2D52F29038}
	EndGlobalSection
EndGlobal
